// !$*UTF8*$!
{
	archiveVersion = 1;
	classes = {
	};
	objectVersion = 55;
	objects = {

/* Begin PBXFileReference section */
		8C22BDC32850AC36006B4185 /* TimeInterval+toString.swift */ = {isa = PBXFileReference; lastKnownFileType = sourcecode.swift; path = "TimeInterval+toString.swift"; sourceTree = "<group>"; };
		9911FF7928256276003110EC /* NSString+isValidEmail.swift */ = {isa = PBXFileReference; lastKnownFileType = sourcecode.swift; path = "NSString+isValidEmail.swift"; sourceTree = "<group>"; };
		9911FF7A282562C8003110EC /* UIView+anchor.swift */ = {isa = PBXFileReference; lastKnownFileType = sourcecode.swift; path = "UIView+anchor.swift"; sourceTree = "<group>"; };
		9911FF7B28256399003110EC /* UIScrollView+resizeScrollViewContentSize.swift */ = {isa = PBXFileReference; lastKnownFileType = sourcecode.swift; path = "UIScrollView+resizeScrollViewContentSize.swift"; sourceTree = "<group>"; };
		9911FF7C282563BD003110EC /* UIImage+resizeImage.swift */ = {isa = PBXFileReference; lastKnownFileType = sourcecode.swift; path = "UIImage+resizeImage.swift"; sourceTree = "<group>"; };
/* End PBXFileReference section */

/* Begin PBXGroup section */
		9911FF71282561A2003110EC = {
			isa = PBXGroup;
			children = (
				8C22BDC32850AC36006B4185 /* TimeInterval+toString.swift */,
				9911FF7C282563BD003110EC /* UIImage+resizeImage.swift */,
				9911FF7B28256399003110EC /* UIScrollView+resizeScrollViewContentSize.swift */,
				9911FF7A282562C8003110EC /* UIView+anchor.swift */,
				9911FF7928256276003110EC /* NSString+isValidEmail.swift */,
			);
			sourceTree = "<group>";
		};
/* End PBXGroup section */

/* Begin PBXProject section */
		9911FF72282561A2003110EC /* Project object */ = {
			isa = PBXProject;
			attributes = {
				BuildIndependentTargetsInParallel = 1;
				LastUpgradeCheck = 1330;
			};
			buildConfigurationList = 9911FF75282561A2003110EC /* Build configuration list for PBXProject "iOSExtensions" */;
			compatibilityVersion = "Xcode 13.0";
			developmentRegion = en;
			hasScannedForEncodings = 0;
			knownRegions = (
				en,
				Base,
			);
			mainGroup = 9911FF71282561A2003110EC;
			projectDirPath = "";
			projectRoot = "";
			targets = (
			);
		};
/* End PBXProject section */

/* Begin XCBuildConfiguration section */
		9911FF76282561A2003110EC /* Debug */ = {
			isa = XCBuildConfiguration;
			buildSettings = {
			};
			name = Debug;
		};
		9911FF77282561A2003110EC /* Release */ = {
			isa = XCBuildConfiguration;
			buildSettings = {
			};
			name = Release;
		};
/* End XCBuildConfiguration section */

/* Begin XCConfigurationList section */
		9911FF75282561A2003110EC /* Build configuration list for PBXProject "iOSExtensions" */ = {
			isa = XCConfigurationList;
			buildConfigurations = (
				9911FF76282561A2003110EC /* Debug */,
				9911FF77282561A2003110EC /* Release */,
			);
			defaultConfigurationIsVisible = 0;
			defaultConfigurationName = Release;
		};
/* End XCConfigurationList section */
	};
	rootObject = 9911FF72282561A2003110EC /* Project object */;
}
